
Microsoft Visual Studio Solution File, Format Version 12.00
# Visual Studio Version 17
VisualStudioVersion = 17.0.31903.59
MinimumVisualStudioVersion = 10.0.40219.1
Project("{2150E333-8FDC-42A3-9474-1A3956D46DE8}") = "src", "src", "{528F9D76-C463-4056-8705-5A16D94FE235}"
EndProject
Project("{FAE04EC0-301F-11D3-BF4B-00C04F79EFBC}") = "AscoreStore.Catalog.Application", "src\AscoreStore.Catalog.Application\AscoreStore.Catalog.Application.csproj", "{B47A392B-8DC0-4890-8461-AACDB70C6B15}"
EndProject
Project("{FAE04EC0-301F-11D3-BF4B-00C04F79EFBC}") = "AscoreStore.Catalog.Data", "src\AscoreStore.Catalog.Data\AscoreStore.Catalog.Data.csproj", "{917E48D4-DEE4-4118-A240-692E2459F128}"
EndProject
Project("{FAE04EC0-301F-11D3-BF4B-00C04F79EFBC}") = "AscoreStore.Catalog.Domain", "src\AscoreStore.Catalog.Domain\AscoreStore.Catalog.Domain.csproj", "{01ECDA88-7181-4EDE-A037-BCBC1BE3A697}"
EndProject
Project("{FAE04EC0-301F-11D3-BF4B-00C04F79EFBC}") = "AscoreStore.Core", "src\AscoreStore.Core\AscoreStore.Core.csproj", "{65DEDCC8-A5B5-472E-A1B6-063C898E4FC3}"
EndProject
Project("{FAE04EC0-301F-11D3-BF4B-00C04F79EFBC}") = "AscoreStore.WebApp", "src\AscoreStore.WebApp\AscoreStore.WebApp.csproj", "{7BB98641-DFF7-4D43-B937-4C8557314534}"
EndProject
Project("{2150E333-8FDC-42A3-9474-1A3956D46DE8}") = "tests", "tests", "{B5B45F8A-7F18-4A7F-99E5-91BDA560023D}"
EndProject
Project("{FAE04EC0-301F-11D3-BF4B-00C04F79EFBC}") = "AscoreStore.Catalog.Domain.Tests", "tests\AscoreStore.Catalog.Domain.Tests\AscoreStore.Catalog.Domain.Tests.csproj", "{20572CFC-FA37-4959-A846-918D5A0D67DB}"
EndProject
Project("{FAE04EC0-301F-11D3-BF4B-00C04F79EFBC}") = "AscoreStore.Payments.AntiCorruption", "src\AscoreStore.Payments.AntiCorruption\AscoreStore.Payments.AntiCorruption.csproj", "{201A378A-AD64-487C-895E-395762734773}"
EndProject
Project("{FAE04EC0-301F-11D3-BF4B-00C04F79EFBC}") = "AscoreStore.Payments.Business", "src\AscoreStore.Payments.Business\AscoreStore.Payments.Business.csproj", "{2A1BD506-640D-48C9-A9D2-23A401001748}"
EndProject
Project("{FAE04EC0-301F-11D3-BF4B-00C04F79EFBC}") = "AscoreStore.Sales.Application", "src\AscoreStore.Sales.Application\AscoreStore.Sales.Application.csproj", "{C6C4B327-FF20-4C94-98A2-98E2E4E5F677}"
EndProject
Project("{FAE04EC0-301F-11D3-BF4B-00C04F79EFBC}") = "AscoreStore.Sales.Data", "src\AscoreStore.Sales.Data\AscoreStore.Sales.Data.csproj", "{FBC1BB49-DEBE-4ACC-BDD9-3EF66B960071}"
EndProject
Project("{FAE04EC0-301F-11D3-BF4B-00C04F79EFBC}") = "AscoreStore.Sales.Domain", "src\AscoreStore.Sales.Domain\AscoreStore.Sales.Domain.csproj", "{4F989195-068E-4EFD-A977-42C4CEEA453C}"
EndProject
Global
	GlobalSection(SolutionConfigurationPlatforms) = preSolution
		Debug|Any CPU = Debug|Any CPU
		Release|Any CPU = Release|Any CPU
	EndGlobalSection
	GlobalSection(SolutionProperties) = preSolution
		HideSolutionNode = FALSE
	EndGlobalSection
	GlobalSection(ProjectConfigurationPlatforms) = postSolution
		{B47A392B-8DC0-4890-8461-AACDB70C6B15}.Debug|Any CPU.ActiveCfg = Debug|Any CPU
		{B47A392B-8DC0-4890-8461-AACDB70C6B15}.Debug|Any CPU.Build.0 = Debug|Any CPU
		{B47A392B-8DC0-4890-8461-AACDB70C6B15}.Release|Any CPU.ActiveCfg = Release|Any CPU
		{B47A392B-8DC0-4890-8461-AACDB70C6B15}.Release|Any CPU.Build.0 = Release|Any CPU
		{917E48D4-DEE4-4118-A240-692E2459F128}.Debug|Any CPU.ActiveCfg = Debug|Any CPU
		{917E48D4-DEE4-4118-A240-692E2459F128}.Debug|Any CPU.Build.0 = Debug|Any CPU
		{917E48D4-DEE4-4118-A240-692E2459F128}.Release|Any CPU.ActiveCfg = Release|Any CPU
		{917E48D4-DEE4-4118-A240-692E2459F128}.Release|Any CPU.Build.0 = Release|Any CPU
		{01ECDA88-7181-4EDE-A037-BCBC1BE3A697}.Debug|Any CPU.ActiveCfg = Debug|Any CPU
		{01ECDA88-7181-4EDE-A037-BCBC1BE3A697}.Debug|Any CPU.Build.0 = Debug|Any CPU
		{01ECDA88-7181-4EDE-A037-BCBC1BE3A697}.Release|Any CPU.ActiveCfg = Release|Any CPU
		{01ECDA88-7181-4EDE-A037-BCBC1BE3A697}.Release|Any CPU.Build.0 = Release|Any CPU
		{65DEDCC8-A5B5-472E-A1B6-063C898E4FC3}.Debug|Any CPU.ActiveCfg = Debug|Any CPU
		{65DEDCC8-A5B5-472E-A1B6-063C898E4FC3}.Debug|Any CPU.Build.0 = Debug|Any CPU
		{65DEDCC8-A5B5-472E-A1B6-063C898E4FC3}.Release|Any CPU.ActiveCfg = Release|Any CPU
		{65DEDCC8-A5B5-472E-A1B6-063C898E4FC3}.Release|Any CPU.Build.0 = Release|Any CPU
		{7BB98641-DFF7-4D43-B937-4C8557314534}.Debug|Any CPU.ActiveCfg = Debug|Any CPU
		{7BB98641-DFF7-4D43-B937-4C8557314534}.Debug|Any CPU.Build.0 = Debug|Any CPU
		{7BB98641-DFF7-4D43-B937-4C8557314534}.Release|Any CPU.ActiveCfg = Release|Any CPU
		{7BB98641-DFF7-4D43-B937-4C8557314534}.Release|Any CPU.Build.0 = Release|Any CPU
		{20572CFC-FA37-4959-A846-918D5A0D67DB}.Debug|Any CPU.ActiveCfg = Debug|Any CPU
		{20572CFC-FA37-4959-A846-918D5A0D67DB}.Debug|Any CPU.Build.0 = Debug|Any CPU
		{20572CFC-FA37-4959-A846-918D5A0D67DB}.Release|Any CPU.ActiveCfg = Release|Any CPU
		{20572CFC-FA37-4959-A846-918D5A0D67DB}.Release|Any CPU.Build.0 = Release|Any CPU
		{201A378A-AD64-487C-895E-395762734773}.Debug|Any CPU.ActiveCfg = Debug|Any CPU
		{201A378A-AD64-487C-895E-395762734773}.Debug|Any CPU.Build.0 = Debug|Any CPU
		{201A378A-AD64-487C-895E-395762734773}.Release|Any CPU.ActiveCfg = Release|Any CPU
		{201A378A-AD64-487C-895E-395762734773}.Release|Any CPU.Build.0 = Release|Any CPU
		{2A1BD506-640D-48C9-A9D2-23A401001748}.Debug|Any CPU.ActiveCfg = Debug|Any CPU
		{2A1BD506-640D-48C9-A9D2-23A401001748}.Debug|Any CPU.Build.0 = Debug|Any CPU
		{2A1BD506-640D-48C9-A9D2-23A401001748}.Release|Any CPU.ActiveCfg = Release|Any CPU
		{2A1BD506-640D-48C9-A9D2-23A401001748}.Release|Any CPU.Build.0 = Release|Any CPU
		{C6C4B327-FF20-4C94-98A2-98E2E4E5F677}.Debug|Any CPU.ActiveCfg = Debug|Any CPU
		{C6C4B327-FF20-4C94-98A2-98E2E4E5F677}.Debug|Any CPU.Build.0 = Debug|Any CPU
		{C6C4B327-FF20-4C94-98A2-98E2E4E5F677}.Release|Any CPU.ActiveCfg = Release|Any CPU
		{C6C4B327-FF20-4C94-98A2-98E2E4E5F677}.Release|Any CPU.Build.0 = Release|Any CPU
		{FBC1BB49-DEBE-4ACC-BDD9-3EF66B960071}.Debug|Any CPU.ActiveCfg = Debug|Any CPU
		{FBC1BB49-DEBE-4ACC-BDD9-3EF66B960071}.Debug|Any CPU.Build.0 = Debug|Any CPU
		{FBC1BB49-DEBE-4ACC-BDD9-3EF66B960071}.Release|Any CPU.ActiveCfg = Release|Any CPU
		{FBC1BB49-DEBE-4ACC-BDD9-3EF66B960071}.Release|Any CPU.Build.0 = Release|Any CPU
		{4F989195-068E-4EFD-A977-42C4CEEA453C}.Debug|Any CPU.ActiveCfg = Debug|Any CPU
		{4F989195-068E-4EFD-A977-42C4CEEA453C}.Debug|Any CPU.Build.0 = Debug|Any CPU
		{4F989195-068E-4EFD-A977-42C4CEEA453C}.Release|Any CPU.ActiveCfg = Release|Any CPU
		{4F989195-068E-4EFD-A977-42C4CEEA453C}.Release|Any CPU.Build.0 = Release|Any CPU
	EndGlobalSection
	GlobalSection(NestedProjects) = preSolution
		{B47A392B-8DC0-4890-8461-AACDB70C6B15} = {528F9D76-C463-4056-8705-5A16D94FE235}
		{917E48D4-DEE4-4118-A240-692E2459F128} = {528F9D76-C463-4056-8705-5A16D94FE235}
		{01ECDA88-7181-4EDE-A037-BCBC1BE3A697} = {528F9D76-C463-4056-8705-5A16D94FE235}
		{65DEDCC8-A5B5-472E-A1B6-063C898E4FC3} = {528F9D76-C463-4056-8705-5A16D94FE235}
		{7BB98641-DFF7-4D43-B937-4C8557314534} = {528F9D76-C463-4056-8705-5A16D94FE235}
		{20572CFC-FA37-4959-A846-918D5A0D67DB} = {B5B45F8A-7F18-4A7F-99E5-91BDA560023D}
		{201A378A-AD64-487C-895E-395762734773} = {528F9D76-C463-4056-8705-5A16D94FE235}
		{2A1BD506-640D-48C9-A9D2-23A401001748} = {528F9D76-C463-4056-8705-5A16D94FE235}
		{C6C4B327-FF20-4C94-98A2-98E2E4E5F677} = {528F9D76-C463-4056-8705-5A16D94FE235}
		{FBC1BB49-DEBE-4ACC-BDD9-3EF66B960071} = {528F9D76-C463-4056-8705-5A16D94FE235}
		{4F989195-068E-4EFD-A977-42C4CEEA453C} = {528F9D76-C463-4056-8705-5A16D94FE235}
	EndGlobalSection
EndGlobal
